
Microsoft Visual Studio Solution File, Format Version 12.00
# Visual Studio Version 16
VisualStudioVersion = 16.0.31729.503
MinimumVisualStudioVersion = 10.0.40219.1
Project("{FAE04EC0-301F-11D3-BF4B-00C04F79EFBC}") = "ake console do something", "ake console do something.csproj", "{7A0683C9-BC78-4336-86FD-53A6CEA792E2}"
EndProject
Global
	GlobalSection(SolutionConfigurationPlatforms) = preSolution
		Debug|Any CPU = Debug|Any CPU
		Release|Any CPU = Release|Any CPU
	EndGlobalSection
	GlobalSection(ProjectConfigurationPlatforms) = postSolution
		{7A0683C9-BC78-4336-86FD-53A6CEA792E2}.Debug|Any CPU.ActiveCfg = Debug|Any CPU
		{7A0683C9-BC78-4336-86FD-53A6CEA792E2}.Debug|Any CPU.Build.0 = Debug|Any CPU
		{7A0683C9-BC78-4336-86FD-53A6CEA792E2}.Release|Any CPU.ActiveCfg = Release|Any CPU
		{7A0683C9-BC78-4336-86FD-53A6CEA792E2}.Release|Any CPU.Build.0 = Release|Any CPU
	EndGlobalSection
	GlobalSection(SolutionProperties) = preSolution
		HideSolutionNode = FALSE
	EndGlobalSection
	GlobalSection(ExtensibilityGlobals) = postSolution
		SolutionGuid = {BBEA4C6E-6102-42E3-B2CF-14011DB376CC}
	EndGlobalSection
EndGlobal
